
Microsoft Visual Studio Solution File, Format Version 12.00
# Visual Studio Version 16
VisualStudioVersion = 16.0.30621.155
MinimumVisualStudioVersion = 10.0.40219.1
Project("{FAE04EC0-301F-11D3-BF4B-00C04F79EFBC}") = "PracticaRSI-Web", "PracticaRSI-Web\PracticaRSI-Web.csproj", "{2D81A441-E427-4D7E-9439-1FC020E58AC9}"
EndProject
Global
	GlobalSection(SolutionConfigurationPlatforms) = preSolution
		Debug|Any CPU = Debug|Any CPU
		Release|Any CPU = Release|Any CPU
	EndGlobalSection
	GlobalSection(ProjectConfigurationPlatforms) = postSolution
		{2D81A441-E427-4D7E-9439-1FC020E58AC9}.Debug|Any CPU.ActiveCfg = Debug|Any CPU
		{2D81A441-E427-4D7E-9439-1FC020E58AC9}.Debug|Any CPU.Build.0 = Debug|Any CPU
		{2D81A441-E427-4D7E-9439-1FC020E58AC9}.Release|Any CPU.ActiveCfg = Release|Any CPU
		{2D81A441-E427-4D7E-9439-1FC020E58AC9}.Release|Any CPU.Build.0 = Release|Any CPU
	EndGlobalSection
	GlobalSection(SolutionProperties) = preSolution
		HideSolutionNode = FALSE
	EndGlobalSection
	GlobalSection(ExtensibilityGlobals) = postSolution
		SolutionGuid = {CEBDC294-9D86-4F8A-9488-F45BBC6E9E94}
	EndGlobalSection
EndGlobal
